// !$*UTF8*$!
{
	archiveVersion = 1;
	classes = {
	};
	objectVersion = 51;
	objects = {

/* Begin PBXBuildFile section */
		11CC8C3FE41500180071E15D /* Pods_Parakeet.framework in Frameworks */ = {isa = PBXBuildFile; fileRef = 60BEE45200EC24B6AC41062C /* Pods_Parakeet.framework */; };
		46AE1530F9C93719779D7337 /* Pods_Parakeet_ParakeetUITests.framework in Frameworks */ = {isa = PBXBuildFile; fileRef = C0E5CA31D779C726B3A3EEA4 /* Pods_Parakeet_ParakeetUITests.framework */; };
		C91F4FC207F7DF400854718F /* Pods_ParakeetTests.framework in Frameworks */ = {isa = PBXBuildFile; fileRef = 21F99F5F06C76ECD35BC588E /* Pods_ParakeetTests.framework */; };
		F567BF22266CB1DC00C56C0F /* AppDelegate.swift in Sources */ = {isa = PBXBuildFile; fileRef = F567BF21266CB1DC00C56C0F /* AppDelegate.swift */; };
		F567BF24266CB1DC00C56C0F /* SceneDelegate.swift in Sources */ = {isa = PBXBuildFile; fileRef = F567BF23266CB1DC00C56C0F /* SceneDelegate.swift */; };
		F567BF26266CB1DC00C56C0F /* WeatherViewController.swift in Sources */ = {isa = PBXBuildFile; fileRef = F567BF25266CB1DC00C56C0F /* WeatherViewController.swift */; };
		F567BF29266CB1DC00C56C0F /* Main.storyboard in Resources */ = {isa = PBXBuildFile; fileRef = F567BF27266CB1DC00C56C0F /* Main.storyboard */; };
		F567BF2B266CB1DE00C56C0F /* Assets.xcassets in Resources */ = {isa = PBXBuildFile; fileRef = F567BF2A266CB1DE00C56C0F /* Assets.xcassets */; };
		F567BF2E266CB1DE00C56C0F /* LaunchScreen.storyboard in Resources */ = {isa = PBXBuildFile; fileRef = F567BF2C266CB1DE00C56C0F /* LaunchScreen.storyboard */; };
		F567BF39266CB1DF00C56C0F /* ParakeetTests.swift in Sources */ = {isa = PBXBuildFile; fileRef = F567BF38266CB1DF00C56C0F /* ParakeetTests.swift */; };
		F567BF44266CB1DF00C56C0F /* ParakeetUITests.swift in Sources */ = {isa = PBXBuildFile; fileRef = F567BF43266CB1DF00C56C0F /* ParakeetUITests.swift */; };
		F567BF59266CC05700C56C0F /* NetworkService.swift in Sources */ = {isa = PBXBuildFile; fileRef = F567BF58266CC05700C56C0F /* NetworkService.swift */; };
		F567BF5F266CC0B200C56C0F /* Model.swift in Sources */ = {isa = PBXBuildFile; fileRef = F567BF5E266CC0B200C56C0F /* Model.swift */; };
		F567BF6D266D0BDE00C56C0F /* WeatherViewModel.swift in Sources */ = {isa = PBXBuildFile; fileRef = F567BF6C266D0BDE00C56C0F /* WeatherViewModel.swift */; };
		F567BF73266D0C4400C56C0F /* Locator.swift in Sources */ = {isa = PBXBuildFile; fileRef = F567BF72266D0C4400C56C0F /* Locator.swift */; };
		F567BF7B266D0C6400C56C0F /* AppConstants.swift in Sources */ = {isa = PBXBuildFile; fileRef = F567BF7A266D0C6400C56C0F /* AppConstants.swift */; };
		F567BFA7266D2E6C00C56C0F /* ServerError.swift in Sources */ = {isa = PBXBuildFile; fileRef = F567BFA6266D2E6C00C56C0F /* ServerError.swift */; };
/* End PBXBuildFile section */

/* Begin PBXContainerItemProxy section */
		F567BF35266CB1DF00C56C0F /* PBXContainerItemProxy */ = {
			isa = PBXContainerItemProxy;
			containerPortal = F567BF16266CB1DC00C56C0F /* Project object */;
			proxyType = 1;
			remoteGlobalIDString = F567BF1D266CB1DC00C56C0F;
			remoteInfo = Parakeet;
		};
		F567BF40266CB1DF00C56C0F /* PBXContainerItemProxy */ = {
			isa = PBXContainerItemProxy;
			containerPortal = F567BF16266CB1DC00C56C0F /* Project object */;
			proxyType = 1;
			remoteGlobalIDString = F567BF1D266CB1DC00C56C0F;
			remoteInfo = Parakeet;
		};
/* End PBXContainerItemProxy section */

/* Begin PBXFileReference section */
		12BA6BC58124268EE1F29F92 /* Pods-Parakeet.release.xcconfig */ = {isa = PBXFileReference; includeInIndex = 1; lastKnownFileType = text.xcconfig; name = "Pods-Parakeet.release.xcconfig"; path = "Target Support Files/Pods-Parakeet/Pods-Parakeet.release.xcconfig"; sourceTree = "<group>"; };
		21F99F5F06C76ECD35BC588E /* Pods_ParakeetTests.framework */ = {isa = PBXFileReference; explicitFileType = wrapper.framework; includeInIndex = 0; path = Pods_ParakeetTests.framework; sourceTree = BUILT_PRODUCTS_DIR; };
		39C914A74D4DBFBC68617EBD /* Pods-ParakeetTests.debug.xcconfig */ = {isa = PBXFileReference; includeInIndex = 1; lastKnownFileType = text.xcconfig; name = "Pods-ParakeetTests.debug.xcconfig"; path = "Target Support Files/Pods-ParakeetTests/Pods-ParakeetTests.debug.xcconfig"; sourceTree = "<group>"; };
		4A2DA9E49B288A4E1FEB17BF /* Pods-ParakeetTests.release.xcconfig */ = {isa = PBXFileReference; includeInIndex = 1; lastKnownFileType = text.xcconfig; name = "Pods-ParakeetTests.release.xcconfig"; path = "Target Support Files/Pods-ParakeetTests/Pods-ParakeetTests.release.xcconfig"; sourceTree = "<group>"; };
		60BEE45200EC24B6AC41062C /* Pods_Parakeet.framework */ = {isa = PBXFileReference; explicitFileType = wrapper.framework; includeInIndex = 0; path = Pods_Parakeet.framework; sourceTree = BUILT_PRODUCTS_DIR; };
		6FD9FB8916998FCC57AE7063 /* Pods-Parakeet-ParakeetUITests.debug.xcconfig */ = {isa = PBXFileReference; includeInIndex = 1; lastKnownFileType = text.xcconfig; name = "Pods-Parakeet-ParakeetUITests.debug.xcconfig"; path = "Target Support Files/Pods-Parakeet-ParakeetUITests/Pods-Parakeet-ParakeetUITests.debug.xcconfig"; sourceTree = "<group>"; };
		89DB3658659EA5B5A3934DB5 /* Pods-Parakeet-ParakeetUITests.release.xcconfig */ = {isa = PBXFileReference; includeInIndex = 1; lastKnownFileType = text.xcconfig; name = "Pods-Parakeet-ParakeetUITests.release.xcconfig"; path = "Target Support Files/Pods-Parakeet-ParakeetUITests/Pods-Parakeet-ParakeetUITests.release.xcconfig"; sourceTree = "<group>"; };
		C0E5CA31D779C726B3A3EEA4 /* Pods_Parakeet_ParakeetUITests.framework */ = {isa = PBXFileReference; explicitFileType = wrapper.framework; includeInIndex = 0; path = Pods_Parakeet_ParakeetUITests.framework; sourceTree = BUILT_PRODUCTS_DIR; };
		CF3F1AF8E5D8FAD94332B657 /* Pods-Parakeet.debug.xcconfig */ = {isa = PBXFileReference; includeInIndex = 1; lastKnownFileType = text.xcconfig; name = "Pods-Parakeet.debug.xcconfig"; path = "Target Support Files/Pods-Parakeet/Pods-Parakeet.debug.xcconfig"; sourceTree = "<group>"; };
		F567BF1E266CB1DC00C56C0F /* Parakeet.app */ = {isa = PBXFileReference; explicitFileType = wrapper.application; includeInIndex = 0; path = Parakeet.app; sourceTree = BUILT_PRODUCTS_DIR; };
		F567BF21266CB1DC00C56C0F /* AppDelegate.swift */ = {isa = PBXFileReference; lastKnownFileType = sourcecode.swift; path = AppDelegate.swift; sourceTree = "<group>"; };
		F567BF23266CB1DC00C56C0F /* SceneDelegate.swift */ = {isa = PBXFileReference; lastKnownFileType = sourcecode.swift; path = SceneDelegate.swift; sourceTree = "<group>"; };
		F567BF25266CB1DC00C56C0F /* WeatherViewController.swift */ = {isa = PBXFileReference; lastKnownFileType = sourcecode.swift; path = WeatherViewController.swift; sourceTree = "<group>"; };
		F567BF28266CB1DC00C56C0F /* Base */ = {isa = PBXFileReference; lastKnownFileType = file.storyboard; name = Base; path = Base.lproj/Main.storyboard; sourceTree = "<group>"; };
		F567BF2A266CB1DE00C56C0F /* Assets.xcassets */ = {isa = PBXFileReference; lastKnownFileType = folder.assetcatalog; path = Assets.xcassets; sourceTree = "<group>"; };
		F567BF2D266CB1DE00C56C0F /* Base */ = {isa = PBXFileReference; lastKnownFileType = file.storyboard; name = Base; path = Base.lproj/LaunchScreen.storyboard; sourceTree = "<group>"; };
		F567BF2F266CB1DE00C56C0F /* Info.plist */ = {isa = PBXFileReference; lastKnownFileType = text.plist.xml; path = Info.plist; sourceTree = "<group>"; };
		F567BF34266CB1DF00C56C0F /* ParakeetTests.xctest */ = {isa = PBXFileReference; explicitFileType = wrapper.cfbundle; includeInIndex = 0; path = ParakeetTests.xctest; sourceTree = BUILT_PRODUCTS_DIR; };
		F567BF38266CB1DF00C56C0F /* ParakeetTests.swift */ = {isa = PBXFileReference; lastKnownFileType = sourcecode.swift; path = ParakeetTests.swift; sourceTree = "<group>"; };
		F567BF3A266CB1DF00C56C0F /* Info.plist */ = {isa = PBXFileReference; lastKnownFileType = text.plist.xml; path = Info.plist; sourceTree = "<group>"; };
		F567BF3F266CB1DF00C56C0F /* ParakeetUITests.xctest */ = {isa = PBXFileReference; explicitFileType = wrapper.cfbundle; includeInIndex = 0; path = ParakeetUITests.xctest; sourceTree = BUILT_PRODUCTS_DIR; };
		F567BF43266CB1DF00C56C0F /* ParakeetUITests.swift */ = {isa = PBXFileReference; lastKnownFileType = sourcecode.swift; path = ParakeetUITests.swift; sourceTree = "<group>"; };
		F567BF45266CB1DF00C56C0F /* Info.plist */ = {isa = PBXFileReference; lastKnownFileType = text.plist.xml; path = Info.plist; sourceTree = "<group>"; };
		F567BF58266CC05700C56C0F /* NetworkService.swift */ = {isa = PBXFileReference; lastKnownFileType = sourcecode.swift; path = NetworkService.swift; sourceTree = "<group>"; };
		F567BF5E266CC0B200C56C0F /* Model.swift */ = {isa = PBXFileReference; lastKnownFileType = sourcecode.swift; path = Model.swift; sourceTree = "<group>"; };
		F567BF6C266D0BDE00C56C0F /* WeatherViewModel.swift */ = {isa = PBXFileReference; lastKnownFileType = sourcecode.swift; path = WeatherViewModel.swift; sourceTree = "<group>"; };
		F567BF72266D0C4400C56C0F /* Locator.swift */ = {isa = PBXFileReference; lastKnownFileType = sourcecode.swift; path = Locator.swift; sourceTree = "<group>"; };
		F567BF7A266D0C6400C56C0F /* AppConstants.swift */ = {isa = PBXFileReference; lastKnownFileType = sourcecode.swift; path = AppConstants.swift; sourceTree = "<group>"; };
		F567BFA6266D2E6C00C56C0F /* ServerError.swift */ = {isa = PBXFileReference; lastKnownFileType = sourcecode.swift; path = ServerError.swift; sourceTree = "<group>"; };
/* End PBXFileReference section */

/* Begin PBXFrameworksBuildPhase section */
		F567BF1B266CB1DC00C56C0F /* Frameworks */ = {
			isa = PBXFrameworksBuildPhase;
			buildActionMask = 2147483647;
			files = (
				11CC8C3FE41500180071E15D /* Pods_Parakeet.framework in Frameworks */,
			);
			runOnlyForDeploymentPostprocessing = 0;
		};
		F567BF31266CB1DF00C56C0F /* Frameworks */ = {
			isa = PBXFrameworksBuildPhase;
			buildActionMask = 2147483647;
			files = (
				C91F4FC207F7DF400854718F /* Pods_ParakeetTests.framework in Frameworks */,
			);
			runOnlyForDeploymentPostprocessing = 0;
		};
		F567BF3C266CB1DF00C56C0F /* Frameworks */ = {
			isa = PBXFrameworksBuildPhase;
			buildActionMask = 2147483647;
			files = (
				46AE1530F9C93719779D7337 /* Pods_Parakeet_ParakeetUITests.framework in Frameworks */,
			);
			runOnlyForDeploymentPostprocessing = 0;
		};
/* End PBXFrameworksBuildPhase section */

/* Begin PBXGroup section */
		82D355B3008A37E2912C3C54 /* Frameworks */ = {
			isa = PBXGroup;
			children = (
				60BEE45200EC24B6AC41062C /* Pods_Parakeet.framework */,
				C0E5CA31D779C726B3A3EEA4 /* Pods_Parakeet_ParakeetUITests.framework */,
				21F99F5F06C76ECD35BC588E /* Pods_ParakeetTests.framework */,
			);
			name = Frameworks;
			sourceTree = "<group>";
		};
		8346C535DE0036AD7E291ED3 /* Pods */ = {
			isa = PBXGroup;
			children = (
				CF3F1AF8E5D8FAD94332B657 /* Pods-Parakeet.debug.xcconfig */,
				12BA6BC58124268EE1F29F92 /* Pods-Parakeet.release.xcconfig */,
				6FD9FB8916998FCC57AE7063 /* Pods-Parakeet-ParakeetUITests.debug.xcconfig */,
				89DB3658659EA5B5A3934DB5 /* Pods-Parakeet-ParakeetUITests.release.xcconfig */,
				39C914A74D4DBFBC68617EBD /* Pods-ParakeetTests.debug.xcconfig */,
				4A2DA9E49B288A4E1FEB17BF /* Pods-ParakeetTests.release.xcconfig */,
			);
			path = Pods;
			sourceTree = "<group>";
		};
		F567BF15266CB1DC00C56C0F = {
			isa = PBXGroup;
			children = (
				F567BF20266CB1DC00C56C0F /* Parakeet */,
				F567BF37266CB1DF00C56C0F /* ParakeetTests */,
				F567BF42266CB1DF00C56C0F /* ParakeetUITests */,
				F567BF1F266CB1DC00C56C0F /* Products */,
				8346C535DE0036AD7E291ED3 /* Pods */,
				82D355B3008A37E2912C3C54 /* Frameworks */,
			);
			sourceTree = "<group>";
		};
		F567BF1F266CB1DC00C56C0F /* Products */ = {
			isa = PBXGroup;
			children = (
				F567BF1E266CB1DC00C56C0F /* Parakeet.app */,
				F567BF34266CB1DF00C56C0F /* ParakeetTests.xctest */,
				F567BF3F266CB1DF00C56C0F /* ParakeetUITests.xctest */,
			);
			name = Products;
			sourceTree = "<group>";
		};
		F567BF20266CB1DC00C56C0F /* Parakeet */ = {
			isa = PBXGroup;
			children = (
				F567BF8E266D0EFA00C56C0F /* Weather */,
				F567BF8A266D0D4E00C56C0F /* Common */,
				F567BF71266D0C3400C56C0F /* Locator */,
				F567BF5D266CC09400C56C0F /* Model */,
				F567BF54266CC03C00C56C0F /* Network */,
				F567BF21266CB1DC00C56C0F /* AppDelegate.swift */,
				F567BF23266CB1DC00C56C0F /* SceneDelegate.swift */,
				F567BF27266CB1DC00C56C0F /* Main.storyboard */,
				F567BF2A266CB1DE00C56C0F /* Assets.xcassets */,
				F567BF2C266CB1DE00C56C0F /* LaunchScreen.storyboard */,
				F567BF2F266CB1DE00C56C0F /* Info.plist */,
			);
			path = Parakeet;
			sourceTree = "<group>";
		};
		F567BF37266CB1DF00C56C0F /* ParakeetTests */ = {
			isa = PBXGroup;
			children = (
				F567BF38266CB1DF00C56C0F /* ParakeetTests.swift */,
				F567BF3A266CB1DF00C56C0F /* Info.plist */,
			);
			path = ParakeetTests;
			sourceTree = "<group>";
		};
		F567BF42266CB1DF00C56C0F /* ParakeetUITests */ = {
			isa = PBXGroup;
			children = (
				F567BF43266CB1DF00C56C0F /* ParakeetUITests.swift */,
				F567BF45266CB1DF00C56C0F /* Info.plist */,
			);
			path = ParakeetUITests;
			sourceTree = "<group>";
		};
		F567BF54266CC03C00C56C0F /* Network */ = {
			isa = PBXGroup;
			children = (
				F567BF58266CC05700C56C0F /* NetworkService.swift */,
				F567BFA6266D2E6C00C56C0F /* ServerError.swift */,
			);
			path = Network;
			sourceTree = "<group>";
		};
		F567BF5D266CC09400C56C0F /* Model */ = {
			isa = PBXGroup;
			children = (
				F567BF5E266CC0B200C56C0F /* Model.swift */,
			);
			path = Model;
			sourceTree = "<group>";
		};
		F567BF71266D0C3400C56C0F /* Locator */ = {
			isa = PBXGroup;
			children = (
				F567BF72266D0C4400C56C0F /* Locator.swift */,
			);
			path = Locator;
			sourceTree = "<group>";
		};
		F567BF8A266D0D4E00C56C0F /* Common */ = {
			isa = PBXGroup;
			children = (
				F567BF7A266D0C6400C56C0F /* AppConstants.swift */,
			);
			path = Common;
			sourceTree = "<group>";
		};
		F567BF8E266D0EFA00C56C0F /* Weather */ = {
			isa = PBXGroup;
			children = (
				F567BF25266CB1DC00C56C0F /* WeatherViewController.swift */,
				F567BF6C266D0BDE00C56C0F /* WeatherViewModel.swift */,
			);
			path = Weather;
			sourceTree = "<group>";
		};
/* End PBXGroup section */

/* Begin PBXNativeTarget section */
		F567BF1D266CB1DC00C56C0F /* Parakeet */ = {
			isa = PBXNativeTarget;
			buildConfigurationList = F567BF48266CB1DF00C56C0F /* Build configuration list for PBXNativeTarget "Parakeet" */;
			buildPhases = (
				518D158EFCC312CE7D7D8A25 /* [CP] Check Pods Manifest.lock */,
				F567BF1A266CB1DC00C56C0F /* Sources */,
				F567BF1B266CB1DC00C56C0F /* Frameworks */,
				F567BF1C266CB1DC00C56C0F /* Resources */,
				38B7AF76A1E6B04DBC918634 /* [CP] Copy Pods Resources */,
				950AF2EE9B1C4812BD1B6800 /* [CP] Embed Pods Frameworks */,
			);
			buildRules = (
			);
			dependencies = (
			);
			name = Parakeet;
			productName = Parakeet;
			productReference = F567BF1E266CB1DC00C56C0F /* Parakeet.app */;
			productType = "com.apple.product-type.application";
		};
		F567BF33266CB1DF00C56C0F /* ParakeetTests */ = {
			isa = PBXNativeTarget;
			buildConfigurationList = F567BF4B266CB1DF00C56C0F /* Build configuration list for PBXNativeTarget "ParakeetTests" */;
			buildPhases = (
				26144D3DE6C33A8905B95D1B /* [CP] Check Pods Manifest.lock */,
				F567BF30266CB1DF00C56C0F /* Sources */,
				F567BF31266CB1DF00C56C0F /* Frameworks */,
				F567BF32266CB1DF00C56C0F /* Resources */,
			);
			buildRules = (
			);
			dependencies = (
				F567BF36266CB1DF00C56C0F /* PBXTargetDependency */,
			);
			name = ParakeetTests;
			productName = ParakeetTests;
			productReference = F567BF34266CB1DF00C56C0F /* ParakeetTests.xctest */;
			productType = "com.apple.product-type.bundle.unit-test";
		};
		F567BF3E266CB1DF00C56C0F /* ParakeetUITests */ = {
			isa = PBXNativeTarget;
			buildConfigurationList = F567BF4E266CB1DF00C56C0F /* Build configuration list for PBXNativeTarget "ParakeetUITests" */;
			buildPhases = (
				196137209EE998D825F83601 /* [CP] Check Pods Manifest.lock */,
				F567BF3B266CB1DF00C56C0F /* Sources */,
				F567BF3C266CB1DF00C56C0F /* Frameworks */,
				F567BF3D266CB1DF00C56C0F /* Resources */,
				3A4D45098C90AB95DAF97A58 /* [CP] Copy Pods Resources */,
				793AD75997AC6F6DF3E10256 /* [CP] Embed Pods Frameworks */,
			);
			buildRules = (
			);
			dependencies = (
				F567BF41266CB1DF00C56C0F /* PBXTargetDependency */,
			);
			name = ParakeetUITests;
			productName = ParakeetUITests;
			productReference = F567BF3F266CB1DF00C56C0F /* ParakeetUITests.xctest */;
			productType = "com.apple.product-type.bundle.ui-testing";
		};
/* End PBXNativeTarget section */

/* Begin PBXProject section */
		F567BF16266CB1DC00C56C0F /* Project object */ = {
			isa = PBXProject;
			attributes = {
				LastSwiftUpdateCheck = 1240;
				LastUpgradeCheck = 1240;
				TargetAttributes = {
					F567BF1D266CB1DC00C56C0F = {
						CreatedOnToolsVersion = 12.4;
					};
					F567BF33266CB1DF00C56C0F = {
						CreatedOnToolsVersion = 12.4;
						TestTargetID = F567BF1D266CB1DC00C56C0F;
					};
					F567BF3E266CB1DF00C56C0F = {
						CreatedOnToolsVersion = 12.4;
						TestTargetID = F567BF1D266CB1DC00C56C0F;
					};
				};
			};
			buildConfigurationList = F567BF19266CB1DC00C56C0F /* Build configuration list for PBXProject "Parakeet" */;
			compatibilityVersion = "Xcode 9.3";
			developmentRegion = en;
			hasScannedForEncodings = 0;
			knownRegions = (
				en,
				Base,
			);
			mainGroup = F567BF15266CB1DC00C56C0F;
			productRefGroup = F567BF1F266CB1DC00C56C0F /* Products */;
			projectDirPath = "";
			projectRoot = "";
			targets = (
				F567BF1D266CB1DC00C56C0F /* Parakeet */,
				F567BF33266CB1DF00C56C0F /* ParakeetTests */,
				F567BF3E266CB1DF00C56C0F /* ParakeetUITests */,
			);
		};
/* End PBXProject section */

/* Begin PBXResourcesBuildPhase section */
		F567BF1C266CB1DC00C56C0F /* Resources */ = {
			isa = PBXResourcesBuildPhase;
			buildActionMask = 2147483647;
			files = (
				F567BF2E266CB1DE00C56C0F /* LaunchScreen.storyboard in Resources */,
				F567BF2B266CB1DE00C56C0F /* Assets.xcassets in Resources */,
				F567BF29266CB1DC00C56C0F /* Main.storyboard in Resources */,
			);
			runOnlyForDeploymentPostprocessing = 0;
		};
		F567BF32266CB1DF00C56C0F /* Resources */ = {
			isa = PBXResourcesBuildPhase;
			buildActionMask = 2147483647;
			files = (
			);
			runOnlyForDeploymentPostprocessing = 0;
		};
		F567BF3D266CB1DF00C56C0F /* Resources */ = {
			isa = PBXResourcesBuildPhase;
			buildActionMask = 2147483647;
			files = (
			);
			runOnlyForDeploymentPostprocessing = 0;
		};
/* End PBXResourcesBuildPhase section */

/* Begin PBXShellScriptBuildPhase section */
		196137209EE998D825F83601 /* [CP] Check Pods Manifest.lock */ = {
			isa = PBXShellScriptBuildPhase;
			buildActionMask = 2147483647;
			files = (
			);
			inputFileListPaths = (
			);
			inputPaths = (
				"${PODS_PODFILE_DIR_PATH}/Podfile.lock",
				"${PODS_ROOT}/Manifest.lock",
			);
			name = "[CP] Check Pods Manifest.lock";
			outputFileListPaths = (
			);
			outputPaths = (
				"$(DERIVED_FILE_DIR)/Pods-Parakeet-ParakeetUITests-checkManifestLockResult.txt",
			);
			runOnlyForDeploymentPostprocessing = 0;
			shellPath = /bin/sh;
			shellScript = "diff \"${PODS_PODFILE_DIR_PATH}/Podfile.lock\" \"${PODS_ROOT}/Manifest.lock\" > /dev/null\nif [ $? != 0 ] ; then\n    # print error to STDERR\n    echo \"error: The sandbox is not in sync with the Podfile.lock. Run 'pod install' or update your CocoaPods installation.\" >&2\n    exit 1\nfi\n# This output is used by Xcode 'outputs' to avoid re-running this script phase.\necho \"SUCCESS\" > \"${SCRIPT_OUTPUT_FILE_0}\"\n";
			showEnvVarsInLog = 0;
		};
		26144D3DE6C33A8905B95D1B /* [CP] Check Pods Manifest.lock */ = {
			isa = PBXShellScriptBuildPhase;
			buildActionMask = 2147483647;
			files = (
			);
			inputFileListPaths = (
			);
			inputPaths = (
				"${PODS_PODFILE_DIR_PATH}/Podfile.lock",
				"${PODS_ROOT}/Manifest.lock",
			);
			name = "[CP] Check Pods Manifest.lock";
			outputFileListPaths = (
			);
			outputPaths = (
				"$(DERIVED_FILE_DIR)/Pods-ParakeetTests-checkManifestLockResult.txt",
			);
			runOnlyForDeploymentPostprocessing = 0;
			shellPath = /bin/sh;
			shellScript = "diff \"${PODS_PODFILE_DIR_PATH}/Podfile.lock\" \"${PODS_ROOT}/Manifest.lock\" > /dev/null\nif [ $? != 0 ] ; then\n    # print error to STDERR\n    echo \"error: The sandbox is not in sync with the Podfile.lock. Run 'pod install' or update your CocoaPods installation.\" >&2\n    exit 1\nfi\n# This output is used by Xcode 'outputs' to avoid re-running this script phase.\necho \"SUCCESS\" > \"${SCRIPT_OUTPUT_FILE_0}\"\n";
			showEnvVarsInLog = 0;
		};
		38B7AF76A1E6B04DBC918634 /* [CP] Copy Pods Resources */ = {
			isa = PBXShellScriptBuildPhase;
			buildActionMask = 2147483647;
			files = (
			);
			inputFileListPaths = (
				"${PODS_ROOT}/Target Support Files/Pods-Parakeet/Pods-Parakeet-resources-${CONFIGURATION}-input-files.xcfilelist",
			);
			name = "[CP] Copy Pods Resources";
			outputFileListPaths = (
				"${PODS_ROOT}/Target Support Files/Pods-Parakeet/Pods-Parakeet-resources-${CONFIGURATION}-output-files.xcfilelist",
			);
			runOnlyForDeploymentPostprocessing = 0;
			shellPath = /bin/sh;
			shellScript = "\"${PODS_ROOT}/Target Support Files/Pods-Parakeet/Pods-Parakeet-resources.sh\"\n";
			showEnvVarsInLog = 0;
		};
		3A4D45098C90AB95DAF97A58 /* [CP] Copy Pods Resources */ = {
			isa = PBXShellScriptBuildPhase;
			buildActionMask = 2147483647;
			files = (
			);
			inputFileListPaths = (
				"${PODS_ROOT}/Target Support Files/Pods-Parakeet-ParakeetUITests/Pods-Parakeet-ParakeetUITests-resources-${CONFIGURATION}-input-files.xcfilelist",
			);
			name = "[CP] Copy Pods Resources";
			outputFileListPaths = (
				"${PODS_ROOT}/Target Support Files/Pods-Parakeet-ParakeetUITests/Pods-Parakeet-ParakeetUITests-resources-${CONFIGURATION}-output-files.xcfilelist",
			);
			runOnlyForDeploymentPostprocessing = 0;
			shellPath = /bin/sh;
			shellScript = "\"${PODS_ROOT}/Target Support Files/Pods-Parakeet-ParakeetUITests/Pods-Parakeet-ParakeetUITests-resources.sh\"\n";
			showEnvVarsInLog = 0;
		};
		518D158EFCC312CE7D7D8A25 /* [CP] Check Pods Manifest.lock */ = {
			isa = PBXShellScriptBuildPhase;
			buildActionMask = 2147483647;
			files = (
			);
			inputFileListPaths = (
			);
			inputPaths = (
				"${PODS_PODFILE_DIR_PATH}/Podfile.lock",
				"${PODS_ROOT}/Manifest.lock",
			);
			name = "[CP] Check Pods Manifest.lock";
			outputFileListPaths = (
			);
			outputPaths = (
				"$(DERIVED_FILE_DIR)/Pods-Parakeet-checkManifestLockResult.txt",
			);
			runOnlyForDeploymentPostprocessing = 0;
			shellPath = /bin/sh;
			shellScript = "diff \"${PODS_PODFILE_DIR_PATH}/Podfile.lock\" \"${PODS_ROOT}/Manifest.lock\" > /dev/null\nif [ $? != 0 ] ; then\n    # print error to STDERR\n    echo \"error: The sandbox is not in sync with the Podfile.lock. Run 'pod install' or update your CocoaPods installation.\" >&2\n    exit 1\nfi\n# This output is used by Xcode 'outputs' to avoid re-running this script phase.\necho \"SUCCESS\" > \"${SCRIPT_OUTPUT_FILE_0}\"\n";
			showEnvVarsInLog = 0;
		};
		793AD75997AC6F6DF3E10256 /* [CP] Embed Pods Frameworks */ = {
			isa = PBXShellScriptBuildPhase;
			buildActionMask = 2147483647;
			files = (
			);
			inputFileListPaths = (
				"${PODS_ROOT}/Target Support Files/Pods-Parakeet-ParakeetUITests/Pods-Parakeet-ParakeetUITests-frameworks-${CONFIGURATION}-input-files.xcfilelist",
			);
			name = "[CP] Embed Pods Frameworks";
			outputFileListPaths = (
				"${PODS_ROOT}/Target Support Files/Pods-Parakeet-ParakeetUITests/Pods-Parakeet-ParakeetUITests-frameworks-${CONFIGURATION}-output-files.xcfilelist",
			);
			runOnlyForDeploymentPostprocessing = 0;
			shellPath = /bin/sh;
			shellScript = "\"${PODS_ROOT}/Target Support Files/Pods-Parakeet-ParakeetUITests/Pods-Parakeet-ParakeetUITests-frameworks.sh\"\n";
			showEnvVarsInLog = 0;
		};
		950AF2EE9B1C4812BD1B6800 /* [CP] Embed Pods Frameworks */ = {
			isa = PBXShellScriptBuildPhase;
			buildActionMask = 2147483647;
			files = (
			);
			inputFileListPaths = (
				"${PODS_ROOT}/Target Support Files/Pods-Parakeet/Pods-Parakeet-frameworks-${CONFIGURATION}-input-files.xcfilelist",
			);
			name = "[CP] Embed Pods Frameworks";
			outputFileListPaths = (
				"${PODS_ROOT}/Target Support Files/Pods-Parakeet/Pods-Parakeet-frameworks-${CONFIGURATION}-output-files.xcfilelist",
			);
			runOnlyForDeploymentPostprocessing = 0;
			shellPath = /bin/sh;
			shellScript = "\"${PODS_ROOT}/Target Support Files/Pods-Parakeet/Pods-Parakeet-frameworks.sh\"\n";
			showEnvVarsInLog = 0;
		};
/* End PBXShellScriptBuildPhase section */

/* Begin PBXSourcesBuildPhase section */
		F567BF1A266CB1DC00C56C0F /* Sources */ = {
			isa = PBXSourcesBuildPhase;
			buildActionMask = 2147483647;
			files = (
				F567BF73266D0C4400C56C0F /* Locator.swift in Sources */,
				F567BF5F266CC0B200C56C0F /* Model.swift in Sources */,
				F567BF6D266D0BDE00C56C0F /* WeatherViewModel.swift in Sources */,
				F567BF7B266D0C6400C56C0F /* AppConstants.swift in Sources */,
				F567BF26266CB1DC00C56C0F /* WeatherViewController.swift in Sources */,
				F567BF22266CB1DC00C56C0F /* AppDelegate.swift in Sources */,
				F567BF59266CC05700C56C0F /* NetworkService.swift in Sources */,
				F567BF24266CB1DC00C56C0F /* SceneDelegate.swift in Sources */,
				F567BFA7266D2E6C00C56C0F /* ServerError.swift in Sources */,
			);
			runOnlyForDeploymentPostprocessing = 0;
		};
		F567BF30266CB1DF00C56C0F /* Sources */ = {
			isa = PBXSourcesBuildPhase;
			buildActionMask = 2147483647;
			files = (
				F567BF39266CB1DF00C56C0F /* ParakeetTests.swift in Sources */,
			);
			runOnlyForDeploymentPostprocessing = 0;
		};
		F567BF3B266CB1DF00C56C0F /* Sources */ = {
			isa = PBXSourcesBuildPhase;
			buildActionMask = 2147483647;
			files = (
				F567BF44266CB1DF00C56C0F /* ParakeetUITests.swift in Sources */,
			);
			runOnlyForDeploymentPostprocessing = 0;
		};
/* End PBXSourcesBuildPhase section */

/* Begin PBXTargetDependency section */
		F567BF36266CB1DF00C56C0F /* PBXTargetDependency */ = {
			isa = PBXTargetDependency;
			target = F567BF1D266CB1DC00C56C0F /* Parakeet */;
			targetProxy = F567BF35266CB1DF00C56C0F /* PBXContainerItemProxy */;
		};
		F567BF41266CB1DF00C56C0F /* PBXTargetDependency */ = {
			isa = PBXTargetDependency;
			target = F567BF1D266CB1DC00C56C0F /* Parakeet */;
			targetProxy = F567BF40266CB1DF00C56C0F /* PBXContainerItemProxy */;
		};
/* End PBXTargetDependency section */

/* Begin PBXVariantGroup section */
		F567BF27266CB1DC00C56C0F /* Main.storyboard */ = {
			isa = PBXVariantGroup;
			children = (
				F567BF28266CB1DC00C56C0F /* Base */,
			);
			name = Main.storyboard;
			sourceTree = "<group>";
		};
		F567BF2C266CB1DE00C56C0F /* LaunchScreen.storyboard */ = {
			isa = PBXVariantGroup;
			children = (
				F567BF2D266CB1DE00C56C0F /* Base */,
			);
			name = LaunchScreen.storyboard;
			sourceTree = "<group>";
		};
/* End PBXVariantGroup section */

/* Begin XCBuildConfiguration section */
		F567BF46266CB1DF00C56C0F /* Debug */ = {
			isa = XCBuildConfiguration;
			buildSettings = {
				ALWAYS_SEARCH_USER_PATHS = NO;
				CLANG_ANALYZER_NONNULL = YES;
				CLANG_ANALYZER_NUMBER_OBJECT_CONVERSION = YES_AGGRESSIVE;
				CLANG_CXX_LANGUAGE_STANDARD = "gnu++14";
				CLANG_CXX_LIBRARY = "libc++";
				CLANG_ENABLE_MODULES = YES;
				CLANG_ENABLE_OBJC_ARC = YES;
				CLANG_ENABLE_OBJC_WEAK = YES;
				CLANG_WARN_BLOCK_CAPTURE_AUTORELEASING = YES;
				CLANG_WARN_BOOL_CONVERSION = YES;
				CLANG_WARN_COMMA = YES;
				CLANG_WARN_CONSTANT_CONVERSION = YES;
				CLANG_WARN_DEPRECATED_OBJC_IMPLEMENTATIONS = YES;
				CLANG_WARN_DIRECT_OBJC_ISA_USAGE = YES_ERROR;
				CLANG_WARN_DOCUMENTATION_COMMENTS = YES;
				CLANG_WARN_EMPTY_BODY = YES;
				CLANG_WARN_ENUM_CONVERSION = YES;
				CLANG_WARN_INFINITE_RECURSION = YES;
				CLANG_WARN_INT_CONVERSION = YES;
				CLANG_WARN_NON_LITERAL_NULL_CONVERSION = YES;
				CLANG_WARN_OBJC_IMPLICIT_RETAIN_SELF = YES;
				CLANG_WARN_OBJC_LITERAL_CONVERSION = YES;
				CLANG_WARN_OBJC_ROOT_CLASS = YES_ERROR;
				CLANG_WARN_QUOTED_INCLUDE_IN_FRAMEWORK_HEADER = YES;
				CLANG_WARN_RANGE_LOOP_ANALYSIS = YES;
				CLANG_WARN_STRICT_PROTOTYPES = YES;
				CLANG_WARN_SUSPICIOUS_MOVE = YES;
				CLANG_WARN_UNGUARDED_AVAILABILITY = YES_AGGRESSIVE;
				CLANG_WARN_UNREACHABLE_CODE = YES;
				CLANG_WARN__DUPLICATE_METHOD_MATCH = YES;
				COPY_PHASE_STRIP = NO;
				DEBUG_INFORMATION_FORMAT = dwarf;
				ENABLE_STRICT_OBJC_MSGSEND = YES;
				ENABLE_TESTABILITY = YES;
				GCC_C_LANGUAGE_STANDARD = gnu11;
				GCC_DYNAMIC_NO_PIC = NO;
				GCC_NO_COMMON_BLOCKS = YES;
				GCC_OPTIMIZATION_LEVEL = 0;
				GCC_PREPROCESSOR_DEFINITIONS = (
					"DEBUG=1",
					"$(inherited)",
				);
				GCC_WARN_64_TO_32_BIT_CONVERSION = YES;
				GCC_WARN_ABOUT_RETURN_TYPE = YES_ERROR;
				GCC_WARN_UNDECLARED_SELECTOR = YES;
				GCC_WARN_UNINITIALIZED_AUTOS = YES_AGGRESSIVE;
				GCC_WARN_UNUSED_FUNCTION = YES;
				GCC_WARN_UNUSED_VARIABLE = YES;
				IPHONEOS_DEPLOYMENT_TARGET = 14.4;
				MTL_ENABLE_DEBUG_INFO = INCLUDE_SOURCE;
				MTL_FAST_MATH = YES;
				ONLY_ACTIVE_ARCH = YES;
				SDKROOT = iphoneos;
				SWIFT_ACTIVE_COMPILATION_CONDITIONS = DEBUG;
				SWIFT_OPTIMIZATION_LEVEL = "-Onone";
			};
			name = Debug;
		};
		F567BF47266CB1DF00C56C0F /* Release */ = {
			isa = XCBuildConfiguration;
			buildSettings = {
				ALWAYS_SEARCH_USER_PATHS = NO;
				CLANG_ANALYZER_NONNULL = YES;
				CLANG_ANALYZER_NUMBER_OBJECT_CONVERSION = YES_AGGRESSIVE;
				CLANG_CXX_LANGUAGE_STANDARD = "gnu++14";
				CLANG_CXX_LIBRARY = "libc++";
				CLANG_ENABLE_MODULES = YES;
				CLANG_ENABLE_OBJC_ARC = YES;
				CLANG_ENABLE_OBJC_WEAK = YES;
				CLANG_WARN_BLOCK_CAPTURE_AUTORELEASING = YES;
				CLANG_WARN_BOOL_CONVERSION = YES;
				CLANG_WARN_COMMA = YES;
				CLANG_WARN_CONSTANT_CONVERSION = YES;
				CLANG_WARN_DEPRECATED_OBJC_IMPLEMENTATIONS = YES;
				CLANG_WARN_DIRECT_OBJC_ISA_USAGE = YES_ERROR;
				CLANG_WARN_DOCUMENTATION_COMMENTS = YES;
				CLANG_WARN_EMPTY_BODY = YES;
				CLANG_WARN_ENUM_CONVERSION = YES;
				CLANG_WARN_INFINITE_RECURSION = YES;
				CLANG_WARN_INT_CONVERSION = YES;
				CLANG_WARN_NON_LITERAL_NULL_CONVERSION = YES;
				CLANG_WARN_OBJC_IMPLICIT_RETAIN_SELF = YES;
				CLANG_WARN_OBJC_LITERAL_CONVERSION = YES;
				CLANG_WARN_OBJC_ROOT_CLASS = YES_ERROR;
				CLANG_WARN_QUOTED_INCLUDE_IN_FRAMEWORK_HEADER = YES;
				CLANG_WARN_RANGE_LOOP_ANALYSIS = YES;
				CLANG_WARN_STRICT_PROTOTYPES = YES;
				CLANG_WARN_SUSPICIOUS_MOVE = YES;
				CLANG_WARN_UNGUARDED_AVAILABILITY = YES_AGGRESSIVE;
				CLANG_WARN_UNREACHABLE_CODE = YES;
				CLANG_WARN__DUPLICATE_METHOD_MATCH = YES;
				COPY_PHASE_STRIP = NO;
				DEBUG_INFORMATION_FORMAT = "dwarf-with-dsym";
				ENABLE_NS_ASSERTIONS = NO;
				ENABLE_STRICT_OBJC_MSGSEND = YES;
				GCC_C_LANGUAGE_STANDARD = gnu11;
				GCC_NO_COMMON_BLOCKS = YES;
				GCC_WARN_64_TO_32_BIT_CONVERSION = YES;
				GCC_WARN_ABOUT_RETURN_TYPE = YES_ERROR;
				GCC_WARN_UNDECLARED_SELECTOR = YES;
				GCC_WARN_UNINITIALIZED_AUTOS = YES_AGGRESSIVE;
				GCC_WARN_UNUSED_FUNCTION = YES;
				GCC_WARN_UNUSED_VARIABLE = YES;
				IPHONEOS_DEPLOYMENT_TARGET = 14.4;
				MTL_ENABLE_DEBUG_INFO = NO;
				MTL_FAST_MATH = YES;
				SDKROOT = iphoneos;
				SWIFT_COMPILATION_MODE = wholemodule;
				SWIFT_OPTIMIZATION_LEVEL = "-O";
				VALIDATE_PRODUCT = YES;
			};
			name = Release;
		};
		F567BF49266CB1DF00C56C0F /* Debug */ = {
			isa = XCBuildConfiguration;
			baseConfigurationReference = CF3F1AF8E5D8FAD94332B657 /* Pods-Parakeet.debug.xcconfig */;
			buildSettings = {
				ASSETCATALOG_COMPILER_APPICON_NAME = AppIcon;
				ASSETCATALOG_COMPILER_GLOBAL_ACCENT_COLOR_NAME = AccentColor;
				CODE_SIGN_STYLE = Automatic;
				DEVELOPMENT_TEAM = 94Z49S6GNU;
				INFOPLIST_FILE = Parakeet/Info.plist;
				LD_RUNPATH_SEARCH_PATHS = (
					"$(inherited)",
					"@executable_path/Frameworks",
				);
				PRODUCT_BUNDLE_IDENTIFIER = mitch.Parakeet;
				PRODUCT_NAME = "$(TARGET_NAME)";
				SWIFT_VERSION = 5.0;
				TARGETED_DEVICE_FAMILY = "1,2";
			};
			name = Debug;
		};
		F567BF4A266CB1DF00C56C0F /* Release */ = {
			isa = XCBuildConfiguration;
			baseConfigurationReference = 12BA6BC58124268EE1F29F92 /* Pods-Parakeet.release.xcconfig */;
			buildSettings = {
				ASSETCATALOG_COMPILER_APPICON_NAME = AppIcon;
				ASSETCATALOG_COMPILER_GLOBAL_ACCENT_COLOR_NAME = AccentColor;
				CODE_SIGN_STYLE = Automatic;
				DEVELOPMENT_TEAM = 94Z49S6GNU;
				INFOPLIST_FILE = Parakeet/Info.plist;
				LD_RUNPATH_SEARCH_PATHS = (
					"$(inherited)",
					"@executable_path/Frameworks",
				);
				PRODUCT_BUNDLE_IDENTIFIER = mitch.Parakeet;
				PRODUCT_NAME = "$(TARGET_NAME)";
				SWIFT_VERSION = 5.0;
				TARGETED_DEVICE_FAMILY = "1,2";
			};
			name = Release;
		};
		F567BF4C266CB1DF00C56C0F /* Debug */ = {
			isa = XCBuildConfiguration;
			baseConfigurationReference = 39C914A74D4DBFBC68617EBD /* Pods-ParakeetTests.debug.xcconfig */;
			buildSettings = {
				ALWAYS_EMBED_SWIFT_STANDARD_LIBRARIES = YES;
				BUNDLE_LOADER = "$(TEST_HOST)";
				CODE_SIGN_STYLE = Automatic;
				DEVELOPMENT_TEAM = 94Z49S6GNU;
				INFOPLIST_FILE = ParakeetTests/Info.plist;
				IPHONEOS_DEPLOYMENT_TARGET = 14.4;
				LD_RUNPATH_SEARCH_PATHS = (
					"$(inherited)",
					"@executable_path/Frameworks",
					"@loader_path/Frameworks",
				);
				PRODUCT_BUNDLE_IDENTIFIER = mitch.ParakeetTests;
				PRODUCT_NAME = "$(TARGET_NAME)";
				SWIFT_VERSION = 5.0;
				TARGETED_DEVICE_FAMILY = "1,2";
				TEST_HOST = "$(BUILT_PRODUCTS_DIR)/Parakeet.app/Parakeet";
			};
			name = Debug;
		};
		F567BF4D266CB1DF00C56C0F /* Release */ = {
			isa = XCBuildConfiguration;
			baseConfigurationReference = 4A2DA9E49B288A4E1FEB17BF /* Pods-ParakeetTests.release.xcconfig */;
			buildSettings = {
				ALWAYS_EMBED_SWIFT_STANDARD_LIBRARIES = YES;
				BUNDLE_LOADER = "$(TEST_HOST)";
				CODE_SIGN_STYLE = Automatic;
				DEVELOPMENT_TEAM = 94Z49S6GNU;
				INFOPLIST_FILE = ParakeetTests/Info.plist;
				IPHONEOS_DEPLOYMENT_TARGET = 14.4;
				LD_RUNPATH_SEARCH_PATHS = (
					"$(inherited)",
					"@executable_path/Frameworks",
					"@loader_path/Frameworks",
				);
				PRODUCT_BUNDLE_IDENTIFIER = mitch.ParakeetTests;
				PRODUCT_NAME = "$(TARGET_NAME)";
				SWIFT_VERSION = 5.0;
				TARGETED_DEVICE_FAMILY = "1,2";
				TEST_HOST = "$(BUILT_PRODUCTS_DIR)/Parakeet.app/Parakeet";
			};
			name = Release;
		};
		F567BF4F266CB1DF00C56C0F /* Debug */ = {
			isa = XCBuildConfiguration;
			baseConfigurationReference = 6FD9FB8916998FCC57AE7063 /* Pods-Parakeet-ParakeetUITests.debug.xcconfig */;
			buildSettings = {
				ALWAYS_EMBED_SWIFT_STANDARD_LIBRARIES = YES;
				CODE_SIGN_STYLE = Automatic;
				DEVELOPMENT_TEAM = 94Z49S6GNU;
				INFOPLIST_FILE = ParakeetUITests/Info.plist;
				LD_RUNPATH_SEARCH_PATHS = (
					"$(inherited)",
					"@executable_path/Frameworks",
					"@loader_path/Frameworks",
				);
				PRODUCT_BUNDLE_IDENTIFIER = mitch.ParakeetUITests;
				PRODUCT_NAME = "$(TARGET_NAME)";
				SWIFT_VERSION = 5.0;
				TARGETED_DEVICE_FAMILY = "1,2";
				TEST_TARGET_NAME = Parakeet;
			};
			name = Debug;
		};
		F567BF50266CB1DF00C56C0F /* Release */ = {
			isa = XCBuildConfiguration;
			baseConfigurationReference = 89DB3658659EA5B5A3934DB5 /* Pods-Parakeet-ParakeetUITests.release.xcconfig */;
			buildSettings = {
				ALWAYS_EMBED_SWIFT_STANDARD_LIBRARIES = YES;
				CODE_SIGN_STYLE = Automatic;
				DEVELOPMENT_TEAM = 94Z49S6GNU;
				INFOPLIST_FILE = ParakeetUITests/Info.plist;
				LD_RUNPATH_SEARCH_PATHS = (
					"$(inherited)",
					"@executable_path/Frameworks",
					"@loader_path/Frameworks",
				);
				PRODUCT_BUNDLE_IDENTIFIER = mitch.ParakeetUITests;
				PRODUCT_NAME = "$(TARGET_NAME)";
				SWIFT_VERSION = 5.0;
				TARGETED_DEVICE_FAMILY = "1,2";
				TEST_TARGET_NAME = Parakeet;
			};
			name = Release;
		};
/* End XCBuildConfiguration section */

/* Begin XCConfigurationList section */
		F567BF19266CB1DC00C56C0F /* Build configuration list for PBXProject "Parakeet" */ = {
			isa = XCConfigurationList;
			buildConfigurations = (
				F567BF46266CB1DF00C56C0F /* Debug */,
				F567BF47266CB1DF00C56C0F /* Release */,
			);
			defaultConfigurationIsVisible = 0;
			defaultConfigurationName = Release;
		};
		F567BF48266CB1DF00C56C0F /* Build configuration list for PBXNativeTarget "Parakeet" */ = {
			isa = XCConfigurationList;
			buildConfigurations = (
				F567BF49266CB1DF00C56C0F /* Debug */,
				F567BF4A266CB1DF00C56C0F /* Release */,
			);
			defaultConfigurationIsVisible = 0;
			defaultConfigurationName = Release;
		};
		F567BF4B266CB1DF00C56C0F /* Build configuration list for PBXNativeTarget "ParakeetTests" */ = {
			isa = XCConfigurationList;
			buildConfigurations = (
				F567BF4C266CB1DF00C56C0F /* Debug */,
				F567BF4D266CB1DF00C56C0F /* Release */,
			);
			defaultConfigurationIsVisible = 0;
			defaultConfigurationName = Release;
		};
		F567BF4E266CB1DF00C56C0F /* Build configuration list for PBXNativeTarget "ParakeetUITests" */ = {
			isa = XCConfigurationList;
			buildConfigurations = (
				F567BF4F266CB1DF00C56C0F /* Debug */,
				F567BF50266CB1DF00C56C0F /* Release */,
			);
			defaultConfigurationIsVisible = 0;
			defaultConfigurationName = Release;
		};
/* End XCConfigurationList section */
	};
	rootObject = F567BF16266CB1DC00C56C0F /* Project object */;
}
